
Microsoft Visual Studio Solution File, Format Version 12.00
# Visual Studio Version 16
VisualStudioVersion = 16.0.32002.261
MinimumVisualStudioVersion = 10.0.40219.1
Project("{9A19103F-16F7-4668-BE54-9A1E7A4F7556}") = "exemploInterface", "exemploInterface\exemploInterface.csproj", "{8A6F9D7E-DE1C-4105-8B9D-7B4B9170B1F3}"
EndProject
Global
	GlobalSection(SolutionConfigurationPlatforms) = preSolution
		Debug|Any CPU = Debug|Any CPU
		Release|Any CPU = Release|Any CPU
	EndGlobalSection
	GlobalSection(ProjectConfigurationPlatforms) = postSolution
		{8A6F9D7E-DE1C-4105-8B9D-7B4B9170B1F3}.Debug|Any CPU.ActiveCfg = Debug|Any CPU
		{8A6F9D7E-DE1C-4105-8B9D-7B4B9170B1F3}.Debug|Any CPU.Build.0 = Debug|Any CPU
		{8A6F9D7E-DE1C-4105-8B9D-7B4B9170B1F3}.Release|Any CPU.ActiveCfg = Release|Any CPU
		{8A6F9D7E-DE1C-4105-8B9D-7B4B9170B1F3}.Release|Any CPU.Build.0 = Release|Any CPU
	EndGlobalSection
	GlobalSection(SolutionProperties) = preSolution
		HideSolutionNode = FALSE
	EndGlobalSection
	GlobalSection(ExtensibilityGlobals) = postSolution
		SolutionGuid = {F821448B-2E7E-46A0-BF5A-41C6C42B0ACB}
	EndGlobalSection
EndGlobal
